
Microsoft Visual Studio Solution File, Format Version 12.00
# Visual Studio Version 16
VisualStudioVersion = 16.0.34031.81
MinimumVisualStudioVersion = 10.0.40219.1
Project("{FAE04EC0-301F-11D3-BF4B-00C04F79EFBC}") = "download", "download\download.csproj", "{43A30EC9-339D-4041-ABD6-65C44ADC71E1}"
EndProject
Global
	GlobalSection(SolutionConfigurationPlatforms) = preSolution
		Debug|Any CPU = Debug|Any CPU
		Release|Any CPU = Release|Any CPU
	EndGlobalSection
	GlobalSection(ProjectConfigurationPlatforms) = postSolution
		{43A30EC9-339D-4041-ABD6-65C44ADC71E1}.Debug|Any CPU.ActiveCfg = Debug|Any CPU
		{43A30EC9-339D-4041-ABD6-65C44ADC71E1}.Debug|Any CPU.Build.0 = Debug|Any CPU
		{43A30EC9-339D-4041-ABD6-65C44ADC71E1}.Release|Any CPU.ActiveCfg = Release|Any CPU
		{43A30EC9-339D-4041-ABD6-65C44ADC71E1}.Release|Any CPU.Build.0 = Release|Any CPU
	EndGlobalSection
	GlobalSection(SolutionProperties) = preSolution
		HideSolutionNode = FALSE
	EndGlobalSection
	GlobalSection(ExtensibilityGlobals) = postSolution
		SolutionGuid = {4144A9BA-B8C0-4787-8293-8D7FC7A61B2E}
	EndGlobalSection
EndGlobal
